
Microsoft Visual Studio Solution File, Format Version 12.00
# Visual Studio Version 16
VisualStudioVersion = 16.0.30204.135
MinimumVisualStudioVersion = 10.0.40219.1
Project("{FAE04EC0-301F-11D3-BF4B-00C04F79EFBC}") = "CW_FindTheOddInt", "CW_FindTheOddInt\CW_FindTheOddInt.csproj", "{D22BA0A0-FE76-470B-8A33-E8EF57E969C7}"
EndProject
Global
	GlobalSection(SolutionConfigurationPlatforms) = preSolution
		Debug|Any CPU = Debug|Any CPU
		Release|Any CPU = Release|Any CPU
	EndGlobalSection
	GlobalSection(ProjectConfigurationPlatforms) = postSolution
		{D22BA0A0-FE76-470B-8A33-E8EF57E969C7}.Debug|Any CPU.ActiveCfg = Debug|Any CPU
		{D22BA0A0-FE76-470B-8A33-E8EF57E969C7}.Debug|Any CPU.Build.0 = Debug|Any CPU
		{D22BA0A0-FE76-470B-8A33-E8EF57E969C7}.Release|Any CPU.ActiveCfg = Release|Any CPU
		{D22BA0A0-FE76-470B-8A33-E8EF57E969C7}.Release|Any CPU.Build.0 = Release|Any CPU
	EndGlobalSection
	GlobalSection(SolutionProperties) = preSolution
		HideSolutionNode = FALSE
	EndGlobalSection
	GlobalSection(ExtensibilityGlobals) = postSolution
		SolutionGuid = {789FA253-D44C-48B9-965A-340C11142CC4}
	EndGlobalSection
EndGlobal
